// !$*UTF8*$!
{
	archiveVersion = 1;
	classes = {
	};
	objectVersion = 46;
	objects = {

/* Begin PBXBuildFile section */
		49045B7F1EF5A25E006ECF48 /* MainMenuScene.cpp in Sources */ = {isa = PBXBuildFile; fileRef = 49045B7D1EF5A25E006ECF48 /* MainMenuScene.cpp */; };
		49045B821EF5A26C006ECF48 /* ButtonsTestScene.cpp in Sources */ = {isa = PBXBuildFile; fileRef = 49045B801EF5A26C006ECF48 /* ButtonsTestScene.cpp */; };
		49045B851EF5A41E006ECF48 /* AnimationsTestScene.cpp in Sources */ = {isa = PBXBuildFile; fileRef = 49045B831EF5A41E006ECF48 /* AnimationsTestScene.cpp */; };
		49045B871EF70F14006ECF48 /* main.cpp in Sources */ = {isa = PBXBuildFile; fileRef = 49045B861EF70F14006ECF48 /* main.cpp */; };
		4937522C1ED0DDC600B4F024 /* dialog.png in Resources */ = {isa = PBXBuildFile; fileRef = 4937522B1ED0DDC600B4F024 /* dialog.png */; };
		4937522E1ED0DDCC00B4F024 /* OpenSans-Regular.ttf in Resources */ = {isa = PBXBuildFile; fileRef = 4937522D1ED0DDCC00B4F024 /* OpenSans-Regular.ttf */; };
		4947FEFD1F13FF1E0023FB7E /* heart.png in Resources */ = {isa = PBXBuildFile; fileRef = 4947FEFC1F13FF1E0023FB7E /* heart.png */; };
		4961A6221F090CB700652361 /* PhysicsTestScene.cpp in Sources */ = {isa = PBXBuildFile; fileRef = 4961A6201F090CB700652361 /* PhysicsTestScene.cpp */; };
		496CC9531EED8D0500A901AA /* PGlogo.png in Resources */ = {isa = PBXBuildFile; fileRef = 496CC9521EED8D0500A901AA /* PGlogo.png */; };
		49761EC11EED76F100DD6734 /* sfml-audio.framework in Frameworks */ = {isa = PBXBuildFile; fileRef = 49761EBC1EED76F100DD6734 /* sfml-audio.framework */; };
		49761EC21EED76F100DD6734 /* sfml-graphics.framework in Frameworks */ = {isa = PBXBuildFile; fileRef = 49761EBD1EED76F100DD6734 /* sfml-graphics.framework */; };
		49761EC31EED76F100DD6734 /* sfml-network.framework in Frameworks */ = {isa = PBXBuildFile; fileRef = 49761EBE1EED76F100DD6734 /* sfml-network.framework */; };
		49761EC41EED76F100DD6734 /* sfml-system.framework in Frameworks */ = {isa = PBXBuildFile; fileRef = 49761EBF1EED76F100DD6734 /* sfml-system.framework */; };
		49761EC51EED76F100DD6734 /* sfml-window.framework in Frameworks */ = {isa = PBXBuildFile; fileRef = 49761EC01EED76F100DD6734 /* sfml-window.framework */; };
		497947A41F1BAA7400B01C19 /* InventoryTestScene.cpp in Sources */ = {isa = PBXBuildFile; fileRef = 497947A21F1BAA7400B01C19 /* InventoryTestScene.cpp */; };
		497947A91F1BAFA800B01C19 /* inventorycontainer.png in Resources */ = {isa = PBXBuildFile; fileRef = 497947A81F1BAFA800B01C19 /* inventorycontainer.png */; };
		497947B11F1BB8C500B01C19 /* BarTestScene.cpp in Sources */ = {isa = PBXBuildFile; fileRef = 497947AF1F1BB8C500B01C19 /* BarTestScene.cpp */; };
		4989D77D1EE44C6A00821078 /* AppIcon.xcassets in Resources */ = {isa = PBXBuildFile; fileRef = 4989D77C1EE44C6A00821078 /* AppIcon.xcassets */; };
		49AACB281ECCE2BD003BDC3C /* PGTestAppController.cpp in Sources */ = {isa = PBXBuildFile; fileRef = 49AACB261ECCE2BD003BDC3C /* PGTestAppController.cpp */; };
		49AACB321ECCE50C003BDC3C /* libPGLib.a in Frameworks */ = {isa = PBXBuildFile; fileRef = 49AACB2F1ECCE4F8003BDC3C /* libPGLib.a */; };
		49AACB351ECCE582003BDC3C /* Cocoa.framework in Frameworks */ = {isa = PBXBuildFile; fileRef = 49AACB341ECCE582003BDC3C /* Cocoa.framework */; };
		49B63CC51F111AB8000B6297 /* block.png in Resources */ = {isa = PBXBuildFile; fileRef = 49B63CC31F111AB8000B6297 /* block.png */; };
		49B63CC61F111AB8000B6297 /* ghost.png in Resources */ = {isa = PBXBuildFile; fileRef = 49B63CC41F111AB8000B6297 /* ghost.png */; };
		49E070531F1A650700381C22 /* star.png in Resources */ = {isa = PBXBuildFile; fileRef = 49E070521F1A650700381C22 /* star.png */; };
/* End PBXBuildFile section */

/* Begin PBXContainerItemProxy section */
		49AACB2E1ECCE4F8003BDC3C /* PBXContainerItemProxy */ = {
			isa = PBXContainerItemProxy;
			containerPortal = 49AACB291ECCE4F7003BDC3C /* PG.xcodeproj */;
			proxyType = 2;
			remoteGlobalIDString = 4974CB4F1A595F0F00E109BD;
			remoteInfo = PGLib;
		};
		49AACB301ECCE4F8003BDC3C /* PBXContainerItemProxy */ = {
			isa = PBXContainerItemProxy;
			containerPortal = 49AACB291ECCE4F7003BDC3C /* PG.xcodeproj */;
			proxyType = 2;
			remoteGlobalIDString = 496F09FE1A5960E900DC93A8;
			remoteInfo = PGLibiOS;
		};
		49AACB7C1ECCEAD9003BDC3C /* PBXContainerItemProxy */ = {
			isa = PBXContainerItemProxy;
			containerPortal = 49AACB291ECCE4F7003BDC3C /* PG.xcodeproj */;
			proxyType = 1;
			remoteGlobalIDString = 4974CB4E1A595F0F00E109BD;
			remoteInfo = PGLib;
		};
/* End PBXContainerItemProxy section */

/* Begin PBXFileReference section */
		49045B7B1EF5A073006ECF48 /* TagConstants.h */ = {isa = PBXFileReference; fileEncoding = 4; lastKnownFileType = sourcecode.c.h; path = TagConstants.h; sourceTree = "<group>"; };
		49045B7D1EF5A25E006ECF48 /* MainMenuScene.cpp */ = {isa = PBXFileReference; fileEncoding = 4; lastKnownFileType = sourcecode.cpp.cpp; path = MainMenuScene.cpp; sourceTree = "<group>"; };
		49045B7E1EF5A25E006ECF48 /* MainMenuScene.h */ = {isa = PBXFileReference; fileEncoding = 4; lastKnownFileType = sourcecode.c.h; path = MainMenuScene.h; sourceTree = "<group>"; };
		49045B801EF5A26C006ECF48 /* ButtonsTestScene.cpp */ = {isa = PBXFileReference; fileEncoding = 4; lastKnownFileType = sourcecode.cpp.cpp; path = ButtonsTestScene.cpp; sourceTree = "<group>"; };
		49045B811EF5A26C006ECF48 /* ButtonsTestScene.h */ = {isa = PBXFileReference; fileEncoding = 4; lastKnownFileType = sourcecode.c.h; path = ButtonsTestScene.h; sourceTree = "<group>"; };
		49045B831EF5A41E006ECF48 /* AnimationsTestScene.cpp */ = {isa = PBXFileReference; fileEncoding = 4; lastKnownFileType = sourcecode.cpp.cpp; path = AnimationsTestScene.cpp; sourceTree = "<group>"; };
		49045B841EF5A41E006ECF48 /* AnimationsTestScene.h */ = {isa = PBXFileReference; fileEncoding = 4; lastKnownFileType = sourcecode.c.h; path = AnimationsTestScene.h; sourceTree = "<group>"; };
		49045B861EF70F14006ECF48 /* main.cpp */ = {isa = PBXFileReference; fileEncoding = 4; lastKnownFileType = sourcecode.cpp.cpp; path = main.cpp; sourceTree = "<group>"; };
		4937522B1ED0DDC600B4F024 /* dialog.png */ = {isa = PBXFileReference; lastKnownFileType = image.png; path = dialog.png; sourceTree = "<group>"; };
		4937522D1ED0DDCC00B4F024 /* OpenSans-Regular.ttf */ = {isa = PBXFileReference; lastKnownFileType = file; path = "OpenSans-Regular.ttf"; sourceTree = "<group>"; };
		4947FEFC1F13FF1E0023FB7E /* heart.png */ = {isa = PBXFileReference; lastKnownFileType = image.png; path = heart.png; sourceTree = "<group>"; };
		4961A6201F090CB700652361 /* PhysicsTestScene.cpp */ = {isa = PBXFileReference; fileEncoding = 4; lastKnownFileType = sourcecode.cpp.cpp; path = PhysicsTestScene.cpp; sourceTree = "<group>"; };
		4961A6211F090CB700652361 /* PhysicsTestScene.h */ = {isa = PBXFileReference; fileEncoding = 4; lastKnownFileType = sourcecode.c.h; path = PhysicsTestScene.h; sourceTree = "<group>"; };
		496CC9521EED8D0500A901AA /* PGlogo.png */ = {isa = PBXFileReference; lastKnownFileType = image.png; path = PGlogo.png; sourceTree = "<group>"; };
		49761EBC1EED76F100DD6734 /* sfml-audio.framework */ = {isa = PBXFileReference; lastKnownFileType = wrapper.framework; name = "sfml-audio.framework"; path = "../PG/internal/sfml/Frameworks/sfml-audio.framework"; sourceTree = "<group>"; };
		49761EBD1EED76F100DD6734 /* sfml-graphics.framework */ = {isa = PBXFileReference; lastKnownFileType = wrapper.framework; name = "sfml-graphics.framework"; path = "../PG/internal/sfml/Frameworks/sfml-graphics.framework"; sourceTree = "<group>"; };
		49761EBE1EED76F100DD6734 /* sfml-network.framework */ = {isa = PBXFileReference; lastKnownFileType = wrapper.framework; name = "sfml-network.framework"; path = "../PG/internal/sfml/Frameworks/sfml-network.framework"; sourceTree = "<group>"; };
		49761EBF1EED76F100DD6734 /* sfml-system.framework */ = {isa = PBXFileReference; lastKnownFileType = wrapper.framework; name = "sfml-system.framework"; path = "../PG/internal/sfml/Frameworks/sfml-system.framework"; sourceTree = "<group>"; };
		49761EC01EED76F100DD6734 /* sfml-window.framework */ = {isa = PBXFileReference; lastKnownFileType = wrapper.framework; name = "sfml-window.framework"; path = "../PG/internal/sfml/Frameworks/sfml-window.framework"; sourceTree = "<group>"; };
		497947A21F1BAA7400B01C19 /* InventoryTestScene.cpp */ = {isa = PBXFileReference; fileEncoding = 4; lastKnownFileType = sourcecode.cpp.cpp; path = InventoryTestScene.cpp; sourceTree = "<group>"; };
		497947A31F1BAA7400B01C19 /* InventoryTestScene.h */ = {isa = PBXFileReference; fileEncoding = 4; lastKnownFileType = sourcecode.c.h; path = InventoryTestScene.h; sourceTree = "<group>"; };
		497947A81F1BAFA800B01C19 /* inventorycontainer.png */ = {isa = PBXFileReference; lastKnownFileType = image.png; path = inventorycontainer.png; sourceTree = "<group>"; };
		497947AF1F1BB8C500B01C19 /* BarTestScene.cpp */ = {isa = PBXFileReference; fileEncoding = 4; lastKnownFileType = sourcecode.cpp.cpp; path = BarTestScene.cpp; sourceTree = "<group>"; };
		497947B01F1BB8C500B01C19 /* BarTestScene.h */ = {isa = PBXFileReference; fileEncoding = 4; lastKnownFileType = sourcecode.c.h; path = BarTestScene.h; sourceTree = "<group>"; };
		4989D77C1EE44C6A00821078 /* AppIcon.xcassets */ = {isa = PBXFileReference; lastKnownFileType = folder.assetcatalog; name = AppIcon.xcassets; path = PGTestApp/AppIcon.xcassets; sourceTree = "<group>"; };
		49AACB0F1ECCE1ED003BDC3C /* PG Test App.app */ = {isa = PBXFileReference; explicitFileType = wrapper.application; includeInIndex = 0; path = "PG Test App.app"; sourceTree = BUILT_PRODUCTS_DIR; };
		49AACB201ECCE1ED003BDC3C /* Info.plist */ = {isa = PBXFileReference; lastKnownFileType = text.plist.xml; path = Info.plist; sourceTree = "<group>"; };
		49AACB261ECCE2BD003BDC3C /* PGTestAppController.cpp */ = {isa = PBXFileReference; fileEncoding = 4; lastKnownFileType = sourcecode.cpp.cpp; path = PGTestAppController.cpp; sourceTree = "<group>"; };
		49AACB271ECCE2BD003BDC3C /* PGTestAppController.h */ = {isa = PBXFileReference; fileEncoding = 4; lastKnownFileType = sourcecode.c.h; path = PGTestAppController.h; sourceTree = "<group>"; };
		49AACB291ECCE4F7003BDC3C /* PG.xcodeproj */ = {isa = PBXFileReference; lastKnownFileType = "wrapper.pb-project"; name = PG.xcodeproj; path = ../PG/projects/PG.xcodeproj; sourceTree = "<group>"; };
		49AACB341ECCE582003BDC3C /* Cocoa.framework */ = {isa = PBXFileReference; lastKnownFileType = wrapper.framework; name = Cocoa.framework; path = System/Library/Frameworks/Cocoa.framework; sourceTree = SDKROOT; };
		49B63CC31F111AB8000B6297 /* block.png */ = {isa = PBXFileReference; lastKnownFileType = image.png; path = block.png; sourceTree = "<group>"; };
		49B63CC41F111AB8000B6297 /* ghost.png */ = {isa = PBXFileReference; lastKnownFileType = image.png; path = ghost.png; sourceTree = "<group>"; };
		49E070521F1A650700381C22 /* star.png */ = {isa = PBXFileReference; lastKnownFileType = image.png; path = star.png; sourceTree = "<group>"; };
/* End PBXFileReference section */

/* Begin PBXFrameworksBuildPhase section */
		49AACB0C1ECCE1ED003BDC3C /* Frameworks */ = {
			isa = PBXFrameworksBuildPhase;
			buildActionMask = 2147483647;
			files = (
				49761EC11EED76F100DD6734 /* sfml-audio.framework in Frameworks */,
				49AACB351ECCE582003BDC3C /* Cocoa.framework in Frameworks */,
				49AACB321ECCE50C003BDC3C /* libPGLib.a in Frameworks */,
				49761EC51EED76F100DD6734 /* sfml-window.framework in Frameworks */,
				49761EC41EED76F100DD6734 /* sfml-system.framework in Frameworks */,
				49761EC31EED76F100DD6734 /* sfml-network.framework in Frameworks */,
				49761EC21EED76F100DD6734 /* sfml-graphics.framework in Frameworks */,
			);
			runOnlyForDeploymentPostprocessing = 0;
		};
/* End PBXFrameworksBuildPhase section */

/* Begin PBXGroup section */
		493752271ED0DD9400B4F024 /* resources */ = {
			isa = PBXGroup;
			children = (
				4937522A1ED0DDA700B4F024 /* images */,
				493752291ED0DD9C00B4F024 /* fonts */,
			);
			path = resources;
			sourceTree = "<group>";
		};
		493752291ED0DD9C00B4F024 /* fonts */ = {
			isa = PBXGroup;
			children = (
				4937522D1ED0DDCC00B4F024 /* OpenSans-Regular.ttf */,
			);
			path = fonts;
			sourceTree = "<group>";
		};
		4937522A1ED0DDA700B4F024 /* images */ = {
			isa = PBXGroup;
			children = (
				497947A81F1BAFA800B01C19 /* inventorycontainer.png */,
				49E070521F1A650700381C22 /* star.png */,
				4947FEFC1F13FF1E0023FB7E /* heart.png */,
				49B63CC31F111AB8000B6297 /* block.png */,
				49B63CC41F111AB8000B6297 /* ghost.png */,
				496CC9521EED8D0500A901AA /* PGlogo.png */,
				4937522B1ED0DDC600B4F024 /* dialog.png */,
			);
			path = images;
			sourceTree = "<group>";
		};
		49AACB061ECCE1ED003BDC3C = {
			isa = PBXGroup;
			children = (
				4989D77C1EE44C6A00821078 /* AppIcon.xcassets */,
				49AACB291ECCE4F7003BDC3C /* PG.xcodeproj */,
				49AACB111ECCE1ED003BDC3C /* PGTestApp */,
				49AACB101ECCE1ED003BDC3C /* Products */,
				49AACB331ECCE581003BDC3C /* Frameworks */,
			);
			sourceTree = "<group>";
		};
		49AACB101ECCE1ED003BDC3C /* Products */ = {
			isa = PBXGroup;
			children = (
				49AACB0F1ECCE1ED003BDC3C /* PG Test App.app */,
			);
			name = Products;
			sourceTree = "<group>";
		};
		49AACB111ECCE1ED003BDC3C /* PGTestApp */ = {
			isa = PBXGroup;
			children = (
				493752271ED0DD9400B4F024 /* resources */,
				49045B861EF70F14006ECF48 /* main.cpp */,
				49AACB201ECCE1ED003BDC3C /* Info.plist */,
				49AACB261ECCE2BD003BDC3C /* PGTestAppController.cpp */,
				49AACB271ECCE2BD003BDC3C /* PGTestAppController.h */,
				49045B7B1EF5A073006ECF48 /* TagConstants.h */,
				49045B7D1EF5A25E006ECF48 /* MainMenuScene.cpp */,
				49045B7E1EF5A25E006ECF48 /* MainMenuScene.h */,
				49045B801EF5A26C006ECF48 /* ButtonsTestScene.cpp */,
				49045B811EF5A26C006ECF48 /* ButtonsTestScene.h */,
				49045B831EF5A41E006ECF48 /* AnimationsTestScene.cpp */,
				49045B841EF5A41E006ECF48 /* AnimationsTestScene.h */,
				4961A6201F090CB700652361 /* PhysicsTestScene.cpp */,
				4961A6211F090CB700652361 /* PhysicsTestScene.h */,
				497947A21F1BAA7400B01C19 /* InventoryTestScene.cpp */,
				497947A31F1BAA7400B01C19 /* InventoryTestScene.h */,
				497947AF1F1BB8C500B01C19 /* BarTestScene.cpp */,
				497947B01F1BB8C500B01C19 /* BarTestScene.h */,
			);
			path = PGTestApp;
			sourceTree = "<group>";
		};
		49AACB2A1ECCE4F7003BDC3C /* Products */ = {
			isa = PBXGroup;
			children = (
				49AACB2F1ECCE4F8003BDC3C /* libPGLib.a */,
				49AACB311ECCE4F8003BDC3C /* libGameGraphicsLib.a */,
			);
			name = Products;
			sourceTree = "<group>";
		};
		49AACB331ECCE581003BDC3C /* Frameworks */ = {
			isa = PBXGroup;
			children = (
				49761EBC1EED76F100DD6734 /* sfml-audio.framework */,
				49761EBD1EED76F100DD6734 /* sfml-graphics.framework */,
				49761EBE1EED76F100DD6734 /* sfml-network.framework */,
				49761EBF1EED76F100DD6734 /* sfml-system.framework */,
				49761EC01EED76F100DD6734 /* sfml-window.framework */,
				49AACB341ECCE582003BDC3C /* Cocoa.framework */,
			);
			name = Frameworks;
			sourceTree = "<group>";
		};
/* End PBXGroup section */

/* Begin PBXNativeTarget section */
		49AACB0E1ECCE1ED003BDC3C /* PG Test App */ = {
			isa = PBXNativeTarget;
			buildConfigurationList = 49AACB231ECCE1ED003BDC3C /* Build configuration list for PBXNativeTarget "PG Test App" */;
			buildPhases = (
				49AACB0B1ECCE1ED003BDC3C /* Sources */,
				49AACB0C1ECCE1ED003BDC3C /* Frameworks */,
				49AACB0D1ECCE1ED003BDC3C /* Resources */,
			);
			buildRules = (
			);
			dependencies = (
				49AACB7D1ECCEAD9003BDC3C /* PBXTargetDependency */,
			);
			name = "PG Test App";
			productName = PGTestApp;
			productReference = 49AACB0F1ECCE1ED003BDC3C /* PG Test App.app */;
			productType = "com.apple.product-type.application";
		};
/* End PBXNativeTarget section */

/* Begin PBXProject section */
		49AACB071ECCE1ED003BDC3C /* Project object */ = {
			isa = PBXProject;
			attributes = {
				LastUpgradeCheck = 0830;
				ORGANIZATIONNAME = "Andrew Dodman";
				TargetAttributes = {
					49AACB0E1ECCE1ED003BDC3C = {
						CreatedOnToolsVersion = 8.3.2;
						DevelopmentTeam = P76529Q457;
						ProvisioningStyle = Automatic;
					};
				};
			};
			buildConfigurationList = 49AACB0A1ECCE1ED003BDC3C /* Build configuration list for PBXProject "PGTestApp" */;
			compatibilityVersion = "Xcode 3.2";
			developmentRegion = English;
			hasScannedForEncodings = 0;
			knownRegions = (
				en,
				Base,
			);
			mainGroup = 49AACB061ECCE1ED003BDC3C;
			productRefGroup = 49AACB101ECCE1ED003BDC3C /* Products */;
			projectDirPath = "";
			projectReferences = (
				{
					ProductGroup = 49AACB2A1ECCE4F7003BDC3C /* Products */;
					ProjectRef = 49AACB291ECCE4F7003BDC3C /* PG.xcodeproj */;
				},
			);
			projectRoot = "";
			targets = (
				49AACB0E1ECCE1ED003BDC3C /* PG Test App */,
			);
		};
/* End PBXProject section */

/* Begin PBXReferenceProxy section */
		49AACB2F1ECCE4F8003BDC3C /* libPGLib.a */ = {
			isa = PBXReferenceProxy;
			fileType = archive.ar;
			path = libPGLib.a;
			remoteRef = 49AACB2E1ECCE4F8003BDC3C /* PBXContainerItemProxy */;
			sourceTree = BUILT_PRODUCTS_DIR;
		};
		49AACB311ECCE4F8003BDC3C /* libGameGraphicsLib.a */ = {
			isa = PBXReferenceProxy;
			fileType = archive.ar;
			path = libGameGraphicsLib.a;
			remoteRef = 49AACB301ECCE4F8003BDC3C /* PBXContainerItemProxy */;
			sourceTree = BUILT_PRODUCTS_DIR;
		};
/* End PBXReferenceProxy section */

/* Begin PBXResourcesBuildPhase section */
		49AACB0D1ECCE1ED003BDC3C /* Resources */ = {
			isa = PBXResourcesBuildPhase;
			buildActionMask = 2147483647;
			files = (
				4937522E1ED0DDCC00B4F024 /* OpenSans-Regular.ttf in Resources */,
				49B63CC61F111AB8000B6297 /* ghost.png in Resources */,
				496CC9531EED8D0500A901AA /* PGlogo.png in Resources */,
				497947A91F1BAFA800B01C19 /* inventorycontainer.png in Resources */,
				4937522C1ED0DDC600B4F024 /* dialog.png in Resources */,
				4947FEFD1F13FF1E0023FB7E /* heart.png in Resources */,
				49E070531F1A650700381C22 /* star.png in Resources */,
				4989D77D1EE44C6A00821078 /* AppIcon.xcassets in Resources */,
				49B63CC51F111AB8000B6297 /* block.png in Resources */,
			);
			runOnlyForDeploymentPostprocessing = 0;
		};
/* End PBXResourcesBuildPhase section */

/* Begin PBXSourcesBuildPhase section */
		49AACB0B1ECCE1ED003BDC3C /* Sources */ = {
			isa = PBXSourcesBuildPhase;
			buildActionMask = 2147483647;
			files = (
				49AACB281ECCE2BD003BDC3C /* PGTestAppController.cpp in Sources */,
				49045B7F1EF5A25E006ECF48 /* MainMenuScene.cpp in Sources */,
				49045B821EF5A26C006ECF48 /* ButtonsTestScene.cpp in Sources */,
				49045B871EF70F14006ECF48 /* main.cpp in Sources */,
				497947B11F1BB8C500B01C19 /* BarTestScene.cpp in Sources */,
				4961A6221F090CB700652361 /* PhysicsTestScene.cpp in Sources */,
				497947A41F1BAA7400B01C19 /* InventoryTestScene.cpp in Sources */,
				49045B851EF5A41E006ECF48 /* AnimationsTestScene.cpp in Sources */,
			);
			runOnlyForDeploymentPostprocessing = 0;
		};
/* End PBXSourcesBuildPhase section */

/* Begin PBXTargetDependency section */
		49AACB7D1ECCEAD9003BDC3C /* PBXTargetDependency */ = {
			isa = PBXTargetDependency;
			name = PGLib;
			targetProxy = 49AACB7C1ECCEAD9003BDC3C /* PBXContainerItemProxy */;
		};
/* End PBXTargetDependency section */

/* Begin XCBuildConfiguration section */
		49AACB211ECCE1ED003BDC3C /* Debug */ = {
			isa = XCBuildConfiguration;
			buildSettings = {
				ALWAYS_SEARCH_USER_PATHS = NO;
				CLANG_ANALYZER_NONNULL = YES;
				CLANG_ANALYZER_NUMBER_OBJECT_CONVERSION = YES_AGGRESSIVE;
				CLANG_CXX_LANGUAGE_STANDARD = "c++14";
				CLANG_CXX_LIBRARY = "libc++";
				CLANG_ENABLE_MODULES = YES;
				CLANG_ENABLE_OBJC_ARC = YES;
				CLANG_WARN_BOOL_CONVERSION = YES;
				CLANG_WARN_CONSTANT_CONVERSION = YES;
				CLANG_WARN_DIRECT_OBJC_ISA_USAGE = YES_ERROR;
				CLANG_WARN_DOCUMENTATION_COMMENTS = YES;
				CLANG_WARN_EMPTY_BODY = YES;
				CLANG_WARN_ENUM_CONVERSION = YES;
				CLANG_WARN_INFINITE_RECURSION = YES;
				CLANG_WARN_INT_CONVERSION = YES;
				CLANG_WARN_OBJC_ROOT_CLASS = YES_ERROR;
				CLANG_WARN_SUSPICIOUS_MOVE = YES;
				CLANG_WARN_UNREACHABLE_CODE = YES;
				CLANG_WARN__DUPLICATE_METHOD_MATCH = YES;
				CODE_SIGN_IDENTITY = "-";
				COPY_PHASE_STRIP = NO;
				DEBUG_INFORMATION_FORMAT = dwarf;
				ENABLE_STRICT_OBJC_MSGSEND = YES;
				ENABLE_TESTABILITY = YES;
				GCC_DYNAMIC_NO_PIC = NO;
				GCC_NO_COMMON_BLOCKS = YES;
				GCC_OPTIMIZATION_LEVEL = 0;
				GCC_PREPROCESSOR_DEFINITIONS = (
					"DEBUG=1",
					"$(inherited)",
				);
				GCC_WARN_64_TO_32_BIT_CONVERSION = YES;
				GCC_WARN_ABOUT_RETURN_TYPE = YES_ERROR;
				GCC_WARN_UNDECLARED_SELECTOR = YES;
				GCC_WARN_UNINITIALIZED_AUTOS = YES_AGGRESSIVE;
				GCC_WARN_UNUSED_FUNCTION = YES;
				GCC_WARN_UNUSED_VARIABLE = YES;
				MTL_ENABLE_DEBUG_INFO = YES;
				ONLY_ACTIVE_ARCH = YES;
				SDKROOT = macosx;
			};
			name = Debug;
		};
		49AACB221ECCE1ED003BDC3C /* Release */ = {
			isa = XCBuildConfiguration;
			buildSettings = {
				ALWAYS_SEARCH_USER_PATHS = NO;
				CLANG_ANALYZER_NONNULL = YES;
				CLANG_ANALYZER_NUMBER_OBJECT_CONVERSION = YES_AGGRESSIVE;
				CLANG_CXX_LANGUAGE_STANDARD = "c++14";
				CLANG_CXX_LIBRARY = "libc++";
				CLANG_ENABLE_MODULES = YES;
				CLANG_ENABLE_OBJC_ARC = YES;
				CLANG_WARN_BOOL_CONVERSION = YES;
				CLANG_WARN_CONSTANT_CONVERSION = YES;
				CLANG_WARN_DIRECT_OBJC_ISA_USAGE = YES_ERROR;
				CLANG_WARN_DOCUMENTATION_COMMENTS = YES;
				CLANG_WARN_EMPTY_BODY = YES;
				CLANG_WARN_ENUM_CONVERSION = YES;
				CLANG_WARN_INFINITE_RECURSION = YES;
				CLANG_WARN_INT_CONVERSION = YES;
				CLANG_WARN_OBJC_ROOT_CLASS = YES_ERROR;
				CLANG_WARN_SUSPICIOUS_MOVE = YES;
				CLANG_WARN_UNREACHABLE_CODE = YES;
				CLANG_WARN__DUPLICATE_METHOD_MATCH = YES;
				CODE_SIGN_IDENTITY = "-";
				COPY_PHASE_STRIP = NO;
				DEBUG_INFORMATION_FORMAT = "dwarf-with-dsym";
				ENABLE_NS_ASSERTIONS = NO;
				ENABLE_STRICT_OBJC_MSGSEND = YES;
				GCC_NO_COMMON_BLOCKS = YES;
				GCC_WARN_64_TO_32_BIT_CONVERSION = YES;
				GCC_WARN_ABOUT_RETURN_TYPE = YES_ERROR;
				GCC_WARN_UNDECLARED_SELECTOR = YES;
				GCC_WARN_UNINITIALIZED_AUTOS = YES_AGGRESSIVE;
				GCC_WARN_UNUSED_FUNCTION = YES;
				GCC_WARN_UNUSED_VARIABLE = YES;
				MTL_ENABLE_DEBUG_INFO = NO;
				SDKROOT = macosx;
			};
			name = Release;
		};
		49AACB241ECCE1ED003BDC3C /* Debug */ = {
			isa = XCBuildConfiguration;
			buildSettings = {
				ASSETCATALOG_COMPILER_APPICON_NAME = AppIcon;
				COMBINE_HIDPI_IMAGES = YES;
				DEVELOPMENT_TEAM = P76529Q457;
				FRAMEWORK_SEARCH_PATHS = ../PG/internal/sfml/frameworks;
				HEADER_SEARCH_PATHS = (
					../,
					../PG/thirdparty/boost,
				);
				INFOPLIST_FILE = PGTestApp/Info.plist;
				LD_RUNPATH_SEARCH_PATHS = "$(inherited) @executable_path/../Frameworks";
				PRODUCT_BUNDLE_IDENTIFIER = com.mcdreamer.PGTestApp;
				PRODUCT_NAME = "$(TARGET_NAME)";
			};
			name = Debug;
		};
		49AACB251ECCE1ED003BDC3C /* Release */ = {
			isa = XCBuildConfiguration;
			buildSettings = {
				ASSETCATALOG_COMPILER_APPICON_NAME = AppIcon;
				COMBINE_HIDPI_IMAGES = YES;
				DEVELOPMENT_TEAM = P76529Q457;
				FRAMEWORK_SEARCH_PATHS = ../PG/internal/sfml/frameworks;
				HEADER_SEARCH_PATHS = (
					../,
					../PG/thirdparty/boost,
				);
				INFOPLIST_FILE = PGTestApp/Info.plist;
				LD_RUNPATH_SEARCH_PATHS = "$(inherited) @executable_path/../Frameworks";
				PRODUCT_BUNDLE_IDENTIFIER = com.mcdreamer.PGTestApp;
				PRODUCT_NAME = "$(TARGET_NAME)";
			};
			name = Release;
		};
/* End XCBuildConfiguration section */

/* Begin XCConfigurationList section */
		49AACB0A1ECCE1ED003BDC3C /* Build configuration list for PBXProject "PGTestApp" */ = {
			isa = XCConfigurationList;
			buildConfigurations = (
				49AACB211ECCE1ED003BDC3C /* Debug */,
				49AACB221ECCE1ED003BDC3C /* Release */,
			);
			defaultConfigurationIsVisible = 0;
			defaultConfigurationName = Release;
		};
		49AACB231ECCE1ED003BDC3C /* Build configuration list for PBXNativeTarget "PG Test App" */ = {
			isa = XCConfigurationList;
			buildConfigurations = (
				49AACB241ECCE1ED003BDC3C /* Debug */,
				49AACB251ECCE1ED003BDC3C /* Release */,
			);
			defaultConfigurationIsVisible = 0;
			defaultConfigurationName = Release;
		};
/* End XCConfigurationList section */
	};
	rootObject = 49AACB071ECCE1ED003BDC3C /* Project object */;
}
