
Microsoft Visual Studio Solution File, Format Version 12.00
# Visual Studio 15
VisualStudioVersion = 15.0.26228.4
MinimumVisualStudioVersion = 10.0.40219.1
Project("{8BC9CEB8-8B4A-11D0-8D11-00A0C91BC942}") = "PG", "PG.vcxproj", "{294105D6-F719-4B5C-9079-BBAB215BAB38}"
EndProject
Project("{8BC9CEB8-8B4A-11D0-8D11-00A0C91BC942}") = "PGTestApp", "..\..\PGTestApp\PGTestApp.vcxproj", "{06CB332D-15FB-4E2F-9926-ABEEE8339BDB}"
	ProjectSection(ProjectDependencies) = postProject
		{294105D6-F719-4B5C-9079-BBAB215BAB38} = {294105D6-F719-4B5C-9079-BBAB215BAB38}
	EndProjectSection
EndProject
Project("{8BC9CEB8-8B4A-11D0-8D11-00A0C91BC942}") = "PGTests", "..\..\PGTests\PGTests.vcxproj", "{7ADF695E-998F-4FD1-8069-69E420E0BFD9}"
EndProject
Project("{8BC9CEB8-8B4A-11D0-8D11-00A0C91BC942}") = "gtest-md", "..\thirdparty\googletest\googletest\msvc\gtest-md.vcxproj", "{C8F6C172-56F2-4E76-B5FA-C3B423B31BE8}"
EndProject
Global
	GlobalSection(SolutionConfigurationPlatforms) = preSolution
		Debug|x64 = Debug|x64
		Debug|x86 = Debug|x86
		Release|x64 = Release|x64
		Release|x86 = Release|x86
	EndGlobalSection
	GlobalSection(ProjectConfigurationPlatforms) = postSolution
		{294105D6-F719-4B5C-9079-BBAB215BAB38}.Debug|x64.ActiveCfg = Debug|x64
		{294105D6-F719-4B5C-9079-BBAB215BAB38}.Debug|x64.Build.0 = Debug|x64
		{294105D6-F719-4B5C-9079-BBAB215BAB38}.Debug|x86.ActiveCfg = Debug|Win32
		{294105D6-F719-4B5C-9079-BBAB215BAB38}.Debug|x86.Build.0 = Debug|Win32
		{294105D6-F719-4B5C-9079-BBAB215BAB38}.Release|x64.ActiveCfg = Release|x64
		{294105D6-F719-4B5C-9079-BBAB215BAB38}.Release|x64.Build.0 = Release|x64
		{294105D6-F719-4B5C-9079-BBAB215BAB38}.Release|x86.ActiveCfg = Release|Win32
		{294105D6-F719-4B5C-9079-BBAB215BAB38}.Release|x86.Build.0 = Release|Win32
		{06CB332D-15FB-4E2F-9926-ABEEE8339BDB}.Debug|x64.ActiveCfg = Debug|x64
		{06CB332D-15FB-4E2F-9926-ABEEE8339BDB}.Debug|x64.Build.0 = Debug|x64
		{06CB332D-15FB-4E2F-9926-ABEEE8339BDB}.Debug|x86.ActiveCfg = Debug|Win32
		{06CB332D-15FB-4E2F-9926-ABEEE8339BDB}.Debug|x86.Build.0 = Debug|Win32
		{06CB332D-15FB-4E2F-9926-ABEEE8339BDB}.Release|x64.ActiveCfg = Release|x64
		{06CB332D-15FB-4E2F-9926-ABEEE8339BDB}.Release|x64.Build.0 = Release|x64
		{06CB332D-15FB-4E2F-9926-ABEEE8339BDB}.Release|x86.ActiveCfg = Release|Win32
		{06CB332D-15FB-4E2F-9926-ABEEE8339BDB}.Release|x86.Build.0 = Release|Win32
		{7ADF695E-998F-4FD1-8069-69E420E0BFD9}.Debug|x64.ActiveCfg = Debug|x64
		{7ADF695E-998F-4FD1-8069-69E420E0BFD9}.Debug|x64.Build.0 = Debug|x64
		{7ADF695E-998F-4FD1-8069-69E420E0BFD9}.Debug|x86.ActiveCfg = Debug|Win32
		{7ADF695E-998F-4FD1-8069-69E420E0BFD9}.Debug|x86.Build.0 = Debug|Win32
		{7ADF695E-998F-4FD1-8069-69E420E0BFD9}.Release|x64.ActiveCfg = Release|x64
		{7ADF695E-998F-4FD1-8069-69E420E0BFD9}.Release|x64.Build.0 = Release|x64
		{7ADF695E-998F-4FD1-8069-69E420E0BFD9}.Release|x86.ActiveCfg = Release|Win32
		{7ADF695E-998F-4FD1-8069-69E420E0BFD9}.Release|x86.Build.0 = Release|Win32
		{C8F6C172-56F2-4E76-B5FA-C3B423B31BE8}.Debug|x64.ActiveCfg = Debug|x64
		{C8F6C172-56F2-4E76-B5FA-C3B423B31BE8}.Debug|x64.Build.0 = Debug|x64
		{C8F6C172-56F2-4E76-B5FA-C3B423B31BE8}.Debug|x86.ActiveCfg = Debug|Win32
		{C8F6C172-56F2-4E76-B5FA-C3B423B31BE8}.Debug|x86.Build.0 = Debug|Win32
		{C8F6C172-56F2-4E76-B5FA-C3B423B31BE8}.Release|x64.ActiveCfg = Release|x64
		{C8F6C172-56F2-4E76-B5FA-C3B423B31BE8}.Release|x64.Build.0 = Release|x64
		{C8F6C172-56F2-4E76-B5FA-C3B423B31BE8}.Release|x86.ActiveCfg = Release|Win32
		{C8F6C172-56F2-4E76-B5FA-C3B423B31BE8}.Release|x86.Build.0 = Release|Win32
	EndGlobalSection
	GlobalSection(SolutionProperties) = preSolution
		HideSolutionNode = FALSE
	EndGlobalSection
EndGlobal
