// !$*UTF8*$!
{
	archiveVersion = 1;
	classes = {
	};
	objectVersion = 46;
	objects = {

/* Begin PBXBuildFile section */
		4956B5C31EE4514100F6A7A4 /* GeometryTests.cpp in Sources */ = {isa = PBXBuildFile; fileRef = 4956B5C11EE4514100F6A7A4 /* GeometryTests.cpp */; };
		4961A6261F090EB200652361 /* PhysicsTests.cpp in Sources */ = {isa = PBXBuildFile; fileRef = 4961A6241F090EB200652361 /* PhysicsTests.cpp */; };
		496CC94B1EED87C400A901AA /* OpenSans-Regular.ttf in CopyFiles */ = {isa = PBXBuildFile; fileRef = 49761EB41EED6FEC00DD6734 /* OpenSans-Regular.ttf */; };
		49AACB511ECCE8E4003BDC3C /* main.cpp in Sources */ = {isa = PBXBuildFile; fileRef = 49AACB501ECCE8E4003BDC3C /* main.cpp */; };
		49AACB5D1ECCE92E003BDC3C /* CoreDataTests.cpp in Sources */ = {isa = PBXBuildFile; fileRef = 49AACB581ECCE92E003BDC3C /* CoreDataTests.cpp */; };
		49AACB5E1ECCE92E003BDC3C /* UITests.cpp in Sources */ = {isa = PBXBuildFile; fileRef = 49AACB5B1ECCE92E003BDC3C /* UITests.cpp */; };
		49AACB6E1ECCE960003BDC3C /* libPGLib.a in Frameworks */ = {isa = PBXBuildFile; fileRef = 49AACB6B1ECCE959003BDC3C /* libPGLib.a */; };
		49AACB751ECCEA34003BDC3C /* sfml-audio.framework in Frameworks */ = {isa = PBXBuildFile; fileRef = 49AACB701ECCEA34003BDC3C /* sfml-audio.framework */; };
		49AACB761ECCEA34003BDC3C /* sfml-graphics.framework in Frameworks */ = {isa = PBXBuildFile; fileRef = 49AACB711ECCEA34003BDC3C /* sfml-graphics.framework */; };
		49AACB771ECCEA34003BDC3C /* sfml-network.framework in Frameworks */ = {isa = PBXBuildFile; fileRef = 49AACB721ECCEA34003BDC3C /* sfml-network.framework */; };
		49AACB781ECCEA34003BDC3C /* sfml-system.framework in Frameworks */ = {isa = PBXBuildFile; fileRef = 49AACB731ECCEA34003BDC3C /* sfml-system.framework */; };
		49AACB791ECCEA34003BDC3C /* sfml-window.framework in Frameworks */ = {isa = PBXBuildFile; fileRef = 49AACB741ECCEA34003BDC3C /* sfml-window.framework */; };
		49AACB9A1ECCEB82003BDC3C /* libgtest.a in Frameworks */ = {isa = PBXBuildFile; fileRef = 49AACB8D1ECCEB71003BDC3C /* libgtest.a */; };
		49AACB9C1ECCEC14003BDC3C /* testdata.json in CopyFiles */ = {isa = PBXBuildFile; fileRef = 49AACB5A1ECCE92E003BDC3C /* testdata.json */; };
		49E070461F1A52E700381C22 /* CoreTests.cpp in Sources */ = {isa = PBXBuildFile; fileRef = 49E070441F1A52E700381C22 /* CoreTests.cpp */; };
/* End PBXBuildFile section */

/* Begin PBXContainerItemProxy section */
		49AACB6A1ECCE959003BDC3C /* PBXContainerItemProxy */ = {
			isa = PBXContainerItemProxy;
			containerPortal = 49AACB651ECCE959003BDC3C /* PG.xcodeproj */;
			proxyType = 2;
			remoteGlobalIDString = 4974CB4F1A595F0F00E109BD;
			remoteInfo = PGLib;
		};
		49AACB6C1ECCE959003BDC3C /* PBXContainerItemProxy */ = {
			isa = PBXContainerItemProxy;
			containerPortal = 49AACB651ECCE959003BDC3C /* PG.xcodeproj */;
			proxyType = 2;
			remoteGlobalIDString = 496F09FE1A5960E900DC93A8;
			remoteInfo = PGLibiOS;
		};
		49AACB7A1ECCEAD3003BDC3C /* PBXContainerItemProxy */ = {
			isa = PBXContainerItemProxy;
			containerPortal = 49AACB651ECCE959003BDC3C /* PG.xcodeproj */;
			proxyType = 1;
			remoteGlobalIDString = 4974CB4E1A595F0F00E109BD;
			remoteInfo = PGLib;
		};
		49AACB8A1ECCEB71003BDC3C /* PBXContainerItemProxy */ = {
			isa = PBXContainerItemProxy;
			containerPortal = 49AACB7E1ECCEB71003BDC3C /* gtest.xcodeproj */;
			proxyType = 2;
			remoteGlobalIDString = 4539C8FF0EC27F6400A70F4C;
			remoteInfo = "gtest-framework";
		};
		49AACB8C1ECCEB71003BDC3C /* PBXContainerItemProxy */ = {
			isa = PBXContainerItemProxy;
			containerPortal = 49AACB7E1ECCEB71003BDC3C /* gtest.xcodeproj */;
			proxyType = 2;
			remoteGlobalIDString = 40C848FA101A209C0083642A;
			remoteInfo = "gtest-static";
		};
		49AACB8E1ECCEB71003BDC3C /* PBXContainerItemProxy */ = {
			isa = PBXContainerItemProxy;
			containerPortal = 49AACB7E1ECCEB71003BDC3C /* gtest.xcodeproj */;
			proxyType = 2;
			remoteGlobalIDString = 40C8490B101A217E0083642A;
			remoteInfo = "gtest_main-static";
		};
		49AACB901ECCEB71003BDC3C /* PBXContainerItemProxy */ = {
			isa = PBXContainerItemProxy;
			containerPortal = 49AACB7E1ECCEB71003BDC3C /* gtest.xcodeproj */;
			proxyType = 2;
			remoteGlobalIDString = 40899F430FFA7184000B29AE;
			remoteInfo = "gtest_unittest-framework";
		};
		49AACB921ECCEB71003BDC3C /* PBXContainerItemProxy */ = {
			isa = PBXContainerItemProxy;
			containerPortal = 49AACB7E1ECCEB71003BDC3C /* gtest.xcodeproj */;
			proxyType = 2;
			remoteGlobalIDString = 40C84987101A36850083642A;
			remoteInfo = "gtest_unittest-static";
		};
		49AACB941ECCEB71003BDC3C /* PBXContainerItemProxy */ = {
			isa = PBXContainerItemProxy;
			containerPortal = 49AACB7E1ECCEB71003BDC3C /* gtest.xcodeproj */;
			proxyType = 2;
			remoteGlobalIDString = 4089A0130FFACEFC000B29AE;
			remoteInfo = "sample1_unittest-framework";
		};
		49AACB961ECCEB71003BDC3C /* PBXContainerItemProxy */ = {
			isa = PBXContainerItemProxy;
			containerPortal = 49AACB7E1ECCEB71003BDC3C /* gtest.xcodeproj */;
			proxyType = 2;
			remoteGlobalIDString = 40C84997101A36A60083642A;
			remoteInfo = "sample1_unittest-static";
		};
		49AACB981ECCEB7B003BDC3C /* PBXContainerItemProxy */ = {
			isa = PBXContainerItemProxy;
			containerPortal = 49AACB7E1ECCEB71003BDC3C /* gtest.xcodeproj */;
			proxyType = 1;
			remoteGlobalIDString = 40C848F9101A209C0083642A;
			remoteInfo = "gtest-static";
		};
/* End PBXContainerItemProxy section */

/* Begin PBXCopyFilesBuildPhase section */
		49AACB4B1ECCE8E4003BDC3C /* CopyFiles */ = {
			isa = PBXCopyFilesBuildPhase;
			buildActionMask = 12;
			dstPath = "";
			dstSubfolderSpec = 16;
			files = (
				496CC94B1EED87C400A901AA /* OpenSans-Regular.ttf in CopyFiles */,
				49AACB9C1ECCEC14003BDC3C /* testdata.json in CopyFiles */,
			);
			runOnlyForDeploymentPostprocessing = 0;
		};
/* End PBXCopyFilesBuildPhase section */

/* Begin PBXFileReference section */
		4956B5C11EE4514100F6A7A4 /* GeometryTests.cpp */ = {isa = PBXFileReference; fileEncoding = 4; lastKnownFileType = sourcecode.cpp.cpp; path = GeometryTests.cpp; sourceTree = "<group>"; };
		4956B5C21EE4514100F6A7A4 /* GeometryTests.h */ = {isa = PBXFileReference; fileEncoding = 4; lastKnownFileType = sourcecode.c.h; path = GeometryTests.h; sourceTree = "<group>"; };
		4961A6241F090EB200652361 /* PhysicsTests.cpp */ = {isa = PBXFileReference; fileEncoding = 4; lastKnownFileType = sourcecode.cpp.cpp; path = PhysicsTests.cpp; sourceTree = "<group>"; };
		4961A6251F090EB200652361 /* PhysicsTests.h */ = {isa = PBXFileReference; fileEncoding = 4; lastKnownFileType = sourcecode.c.h; path = PhysicsTests.h; sourceTree = "<group>"; };
		49761EB41EED6FEC00DD6734 /* OpenSans-Regular.ttf */ = {isa = PBXFileReference; lastKnownFileType = file; name = "OpenSans-Regular.ttf"; path = "font/OpenSans-Regular.ttf"; sourceTree = "<group>"; };
		49AACB4D1ECCE8E4003BDC3C /* PGTests */ = {isa = PBXFileReference; explicitFileType = "compiled.mach-o.executable"; includeInIndex = 0; path = PGTests; sourceTree = BUILT_PRODUCTS_DIR; };
		49AACB501ECCE8E4003BDC3C /* main.cpp */ = {isa = PBXFileReference; lastKnownFileType = sourcecode.cpp.cpp; path = main.cpp; sourceTree = "<group>"; };
		49AACB581ECCE92E003BDC3C /* CoreDataTests.cpp */ = {isa = PBXFileReference; fileEncoding = 4; lastKnownFileType = sourcecode.cpp.cpp; path = CoreDataTests.cpp; sourceTree = "<group>"; };
		49AACB591ECCE92E003BDC3C /* CoreDataTests.h */ = {isa = PBXFileReference; fileEncoding = 4; lastKnownFileType = sourcecode.c.h; path = CoreDataTests.h; sourceTree = "<group>"; };
		49AACB5A1ECCE92E003BDC3C /* testdata.json */ = {isa = PBXFileReference; fileEncoding = 4; lastKnownFileType = text.json; path = testdata.json; sourceTree = "<group>"; };
		49AACB5B1ECCE92E003BDC3C /* UITests.cpp */ = {isa = PBXFileReference; fileEncoding = 4; lastKnownFileType = sourcecode.cpp.cpp; path = UITests.cpp; sourceTree = "<group>"; };
		49AACB5C1ECCE92E003BDC3C /* UITests.h */ = {isa = PBXFileReference; fileEncoding = 4; lastKnownFileType = sourcecode.c.h; path = UITests.h; sourceTree = "<group>"; };
		49AACB651ECCE959003BDC3C /* PG.xcodeproj */ = {isa = PBXFileReference; lastKnownFileType = "wrapper.pb-project"; name = PG.xcodeproj; path = ../PG/projects/PG.xcodeproj; sourceTree = "<group>"; };
		49AACB701ECCEA34003BDC3C /* sfml-audio.framework */ = {isa = PBXFileReference; lastKnownFileType = wrapper.framework; name = "sfml-audio.framework"; path = "../PG/internal/sfml/sfml-audio.framework"; sourceTree = "<group>"; };
		49AACB711ECCEA34003BDC3C /* sfml-graphics.framework */ = {isa = PBXFileReference; lastKnownFileType = wrapper.framework; name = "sfml-graphics.framework"; path = "../PG/internal/sfml/sfml-graphics.framework"; sourceTree = "<group>"; };
		49AACB721ECCEA34003BDC3C /* sfml-network.framework */ = {isa = PBXFileReference; lastKnownFileType = wrapper.framework; name = "sfml-network.framework"; path = "../PG/internal/sfml/sfml-network.framework"; sourceTree = "<group>"; };
		49AACB731ECCEA34003BDC3C /* sfml-system.framework */ = {isa = PBXFileReference; lastKnownFileType = wrapper.framework; name = "sfml-system.framework"; path = "../PG/internal/sfml/sfml-system.framework"; sourceTree = "<group>"; };
		49AACB741ECCEA34003BDC3C /* sfml-window.framework */ = {isa = PBXFileReference; lastKnownFileType = wrapper.framework; name = "sfml-window.framework"; path = "../PG/internal/sfml/sfml-window.framework"; sourceTree = "<group>"; };
		49AACB7E1ECCEB71003BDC3C /* gtest.xcodeproj */ = {isa = PBXFileReference; lastKnownFileType = "wrapper.pb-project"; name = gtest.xcodeproj; path = ../PG/thirdparty/googletest/googletest/xcode/gtest.xcodeproj; sourceTree = "<group>"; };
		49E070441F1A52E700381C22 /* CoreTests.cpp */ = {isa = PBXFileReference; fileEncoding = 4; lastKnownFileType = sourcecode.cpp.cpp; path = CoreTests.cpp; sourceTree = "<group>"; };
		49E070451F1A52E700381C22 /* CoreTests.h */ = {isa = PBXFileReference; fileEncoding = 4; lastKnownFileType = sourcecode.c.h; path = CoreTests.h; sourceTree = "<group>"; };
/* End PBXFileReference section */

/* Begin PBXFrameworksBuildPhase section */
		49AACB4A1ECCE8E4003BDC3C /* Frameworks */ = {
			isa = PBXFrameworksBuildPhase;
			buildActionMask = 2147483647;
			files = (
				49AACB9A1ECCEB82003BDC3C /* libgtest.a in Frameworks */,
				49AACB751ECCEA34003BDC3C /* sfml-audio.framework in Frameworks */,
				49AACB761ECCEA34003BDC3C /* sfml-graphics.framework in Frameworks */,
				49AACB771ECCEA34003BDC3C /* sfml-network.framework in Frameworks */,
				49AACB781ECCEA34003BDC3C /* sfml-system.framework in Frameworks */,
				49AACB791ECCEA34003BDC3C /* sfml-window.framework in Frameworks */,
				49AACB6E1ECCE960003BDC3C /* libPGLib.a in Frameworks */,
			);
			runOnlyForDeploymentPostprocessing = 0;
		};
/* End PBXFrameworksBuildPhase section */

/* Begin PBXGroup section */
		49761EB31EED6FE100DD6734 /* font */ = {
			isa = PBXGroup;
			children = (
				49761EB41EED6FEC00DD6734 /* OpenSans-Regular.ttf */,
			);
			name = font;
			sourceTree = "<group>";
		};
		49AACB441ECCE8E4003BDC3C = {
			isa = PBXGroup;
			children = (
				49AACB7E1ECCEB71003BDC3C /* gtest.xcodeproj */,
				49AACB651ECCE959003BDC3C /* PG.xcodeproj */,
				49AACB4F1ECCE8E4003BDC3C /* PGTests */,
				49AACB4E1ECCE8E4003BDC3C /* Products */,
				49AACB6F1ECCEA34003BDC3C /* Frameworks */,
			);
			sourceTree = "<group>";
		};
		49AACB4E1ECCE8E4003BDC3C /* Products */ = {
			isa = PBXGroup;
			children = (
				49AACB4D1ECCE8E4003BDC3C /* PGTests */,
			);
			name = Products;
			sourceTree = "<group>";
		};
		49AACB4F1ECCE8E4003BDC3C /* PGTests */ = {
			isa = PBXGroup;
			children = (
				49761EB31EED6FE100DD6734 /* font */,
				4956B5C11EE4514100F6A7A4 /* GeometryTests.cpp */,
				4956B5C21EE4514100F6A7A4 /* GeometryTests.h */,
				4961A6241F090EB200652361 /* PhysicsTests.cpp */,
				4961A6251F090EB200652361 /* PhysicsTests.h */,
				49AACB581ECCE92E003BDC3C /* CoreDataTests.cpp */,
				49AACB591ECCE92E003BDC3C /* CoreDataTests.h */,
				49AACB5B1ECCE92E003BDC3C /* UITests.cpp */,
				49AACB5C1ECCE92E003BDC3C /* UITests.h */,
				49AACB5A1ECCE92E003BDC3C /* testdata.json */,
				49AACB501ECCE8E4003BDC3C /* main.cpp */,
				49E070441F1A52E700381C22 /* CoreTests.cpp */,
				49E070451F1A52E700381C22 /* CoreTests.h */,
			);
			path = PGTests;
			sourceTree = "<group>";
		};
		49AACB661ECCE959003BDC3C /* Products */ = {
			isa = PBXGroup;
			children = (
				49AACB6B1ECCE959003BDC3C /* libPGLib.a */,
				49AACB6D1ECCE959003BDC3C /* libGameGraphicsLib.a */,
			);
			name = Products;
			sourceTree = "<group>";
		};
		49AACB6F1ECCEA34003BDC3C /* Frameworks */ = {
			isa = PBXGroup;
			children = (
				49AACB701ECCEA34003BDC3C /* sfml-audio.framework */,
				49AACB711ECCEA34003BDC3C /* sfml-graphics.framework */,
				49AACB721ECCEA34003BDC3C /* sfml-network.framework */,
				49AACB731ECCEA34003BDC3C /* sfml-system.framework */,
				49AACB741ECCEA34003BDC3C /* sfml-window.framework */,
			);
			name = Frameworks;
			sourceTree = "<group>";
		};
		49AACB7F1ECCEB71003BDC3C /* Products */ = {
			isa = PBXGroup;
			children = (
				49AACB8B1ECCEB71003BDC3C /* gtest.framework */,
				49AACB8D1ECCEB71003BDC3C /* libgtest.a */,
				49AACB8F1ECCEB71003BDC3C /* libgtest_main.a */,
				49AACB911ECCEB71003BDC3C /* gtest_unittest-framework */,
				49AACB931ECCEB71003BDC3C /* gtest_unittest */,
				49AACB951ECCEB71003BDC3C /* sample1_unittest-framework */,
				49AACB971ECCEB71003BDC3C /* sample1_unittest-static */,
			);
			name = Products;
			sourceTree = "<group>";
		};
/* End PBXGroup section */

/* Begin PBXNativeTarget section */
		49AACB4C1ECCE8E4003BDC3C /* PGTests */ = {
			isa = PBXNativeTarget;
			buildConfigurationList = 49AACB541ECCE8E4003BDC3C /* Build configuration list for PBXNativeTarget "PGTests" */;
			buildPhases = (
				49AACB491ECCE8E4003BDC3C /* Sources */,
				49AACB4A1ECCE8E4003BDC3C /* Frameworks */,
				49AACB4B1ECCE8E4003BDC3C /* CopyFiles */,
				49AACB9B1ECCEBCA003BDC3C /* Run Tests */,
			);
			buildRules = (
			);
			dependencies = (
				49AACB991ECCEB7B003BDC3C /* PBXTargetDependency */,
				49AACB7B1ECCEAD3003BDC3C /* PBXTargetDependency */,
			);
			name = PGTests;
			productName = PGTests;
			productReference = 49AACB4D1ECCE8E4003BDC3C /* PGTests */;
			productType = "com.apple.product-type.tool";
		};
/* End PBXNativeTarget section */

/* Begin PBXProject section */
		49AACB451ECCE8E4003BDC3C /* Project object */ = {
			isa = PBXProject;
			attributes = {
				LastUpgradeCheck = 0830;
				ORGANIZATIONNAME = "Andrew Dodman";
				TargetAttributes = {
					49AACB4C1ECCE8E4003BDC3C = {
						CreatedOnToolsVersion = 8.3.2;
						DevelopmentTeam = P76529Q457;
						ProvisioningStyle = Automatic;
					};
				};
			};
			buildConfigurationList = 49AACB481ECCE8E4003BDC3C /* Build configuration list for PBXProject "PGTests" */;
			compatibilityVersion = "Xcode 3.2";
			developmentRegion = English;
			hasScannedForEncodings = 0;
			knownRegions = (
				en,
			);
			mainGroup = 49AACB441ECCE8E4003BDC3C;
			productRefGroup = 49AACB4E1ECCE8E4003BDC3C /* Products */;
			projectDirPath = "";
			projectReferences = (
				{
					ProductGroup = 49AACB7F1ECCEB71003BDC3C /* Products */;
					ProjectRef = 49AACB7E1ECCEB71003BDC3C /* gtest.xcodeproj */;
				},
				{
					ProductGroup = 49AACB661ECCE959003BDC3C /* Products */;
					ProjectRef = 49AACB651ECCE959003BDC3C /* PG.xcodeproj */;
				},
			);
			projectRoot = "";
			targets = (
				49AACB4C1ECCE8E4003BDC3C /* PGTests */,
			);
		};
/* End PBXProject section */

/* Begin PBXReferenceProxy section */
		49AACB6B1ECCE959003BDC3C /* libPGLib.a */ = {
			isa = PBXReferenceProxy;
			fileType = archive.ar;
			path = libPGLib.a;
			remoteRef = 49AACB6A1ECCE959003BDC3C /* PBXContainerItemProxy */;
			sourceTree = BUILT_PRODUCTS_DIR;
		};
		49AACB6D1ECCE959003BDC3C /* libGameGraphicsLib.a */ = {
			isa = PBXReferenceProxy;
			fileType = archive.ar;
			path = libGameGraphicsLib.a;
			remoteRef = 49AACB6C1ECCE959003BDC3C /* PBXContainerItemProxy */;
			sourceTree = BUILT_PRODUCTS_DIR;
		};
		49AACB8B1ECCEB71003BDC3C /* gtest.framework */ = {
			isa = PBXReferenceProxy;
			fileType = wrapper.framework;
			path = gtest.framework;
			remoteRef = 49AACB8A1ECCEB71003BDC3C /* PBXContainerItemProxy */;
			sourceTree = BUILT_PRODUCTS_DIR;
		};
		49AACB8D1ECCEB71003BDC3C /* libgtest.a */ = {
			isa = PBXReferenceProxy;
			fileType = archive.ar;
			path = libgtest.a;
			remoteRef = 49AACB8C1ECCEB71003BDC3C /* PBXContainerItemProxy */;
			sourceTree = BUILT_PRODUCTS_DIR;
		};
		49AACB8F1ECCEB71003BDC3C /* libgtest_main.a */ = {
			isa = PBXReferenceProxy;
			fileType = archive.ar;
			path = libgtest_main.a;
			remoteRef = 49AACB8E1ECCEB71003BDC3C /* PBXContainerItemProxy */;
			sourceTree = BUILT_PRODUCTS_DIR;
		};
		49AACB911ECCEB71003BDC3C /* gtest_unittest-framework */ = {
			isa = PBXReferenceProxy;
			fileType = "compiled.mach-o.executable";
			path = "gtest_unittest-framework";
			remoteRef = 49AACB901ECCEB71003BDC3C /* PBXContainerItemProxy */;
			sourceTree = BUILT_PRODUCTS_DIR;
		};
		49AACB931ECCEB71003BDC3C /* gtest_unittest */ = {
			isa = PBXReferenceProxy;
			fileType = "compiled.mach-o.executable";
			path = gtest_unittest;
			remoteRef = 49AACB921ECCEB71003BDC3C /* PBXContainerItemProxy */;
			sourceTree = BUILT_PRODUCTS_DIR;
		};
		49AACB951ECCEB71003BDC3C /* sample1_unittest-framework */ = {
			isa = PBXReferenceProxy;
			fileType = "compiled.mach-o.executable";
			path = "sample1_unittest-framework";
			remoteRef = 49AACB941ECCEB71003BDC3C /* PBXContainerItemProxy */;
			sourceTree = BUILT_PRODUCTS_DIR;
		};
		49AACB971ECCEB71003BDC3C /* sample1_unittest-static */ = {
			isa = PBXReferenceProxy;
			fileType = "compiled.mach-o.executable";
			path = "sample1_unittest-static";
			remoteRef = 49AACB961ECCEB71003BDC3C /* PBXContainerItemProxy */;
			sourceTree = BUILT_PRODUCTS_DIR;
		};
/* End PBXReferenceProxy section */

/* Begin PBXShellScriptBuildPhase section */
		49AACB9B1ECCEBCA003BDC3C /* Run Tests */ = {
			isa = PBXShellScriptBuildPhase;
			buildActionMask = 2147483647;
			files = (
			);
			inputPaths = (
			);
			name = "Run Tests";
			outputPaths = (
			);
			runOnlyForDeploymentPostprocessing = 0;
			shellPath = /bin/sh;
			shellScript = "cd $BUILT_PRODUCTS_DIR\n./$EXECUTABLE_NAME";
		};
/* End PBXShellScriptBuildPhase section */

/* Begin PBXSourcesBuildPhase section */
		49AACB491ECCE8E4003BDC3C /* Sources */ = {
			isa = PBXSourcesBuildPhase;
			buildActionMask = 2147483647;
			files = (
				49E070461F1A52E700381C22 /* CoreTests.cpp in Sources */,
				49AACB5D1ECCE92E003BDC3C /* CoreDataTests.cpp in Sources */,
				4956B5C31EE4514100F6A7A4 /* GeometryTests.cpp in Sources */,
				4961A6261F090EB200652361 /* PhysicsTests.cpp in Sources */,
				49AACB5E1ECCE92E003BDC3C /* UITests.cpp in Sources */,
				49AACB511ECCE8E4003BDC3C /* main.cpp in Sources */,
			);
			runOnlyForDeploymentPostprocessing = 0;
		};
/* End PBXSourcesBuildPhase section */

/* Begin PBXTargetDependency section */
		49AACB7B1ECCEAD3003BDC3C /* PBXTargetDependency */ = {
			isa = PBXTargetDependency;
			name = PGLib;
			targetProxy = 49AACB7A1ECCEAD3003BDC3C /* PBXContainerItemProxy */;
		};
		49AACB991ECCEB7B003BDC3C /* PBXTargetDependency */ = {
			isa = PBXTargetDependency;
			name = "gtest-static";
			targetProxy = 49AACB981ECCEB7B003BDC3C /* PBXContainerItemProxy */;
		};
/* End PBXTargetDependency section */

/* Begin XCBuildConfiguration section */
		49AACB521ECCE8E4003BDC3C /* Debug */ = {
			isa = XCBuildConfiguration;
			buildSettings = {
				ALWAYS_SEARCH_USER_PATHS = NO;
				CLANG_ANALYZER_NONNULL = YES;
				CLANG_ANALYZER_NUMBER_OBJECT_CONVERSION = YES_AGGRESSIVE;
				CLANG_CXX_LANGUAGE_STANDARD = "gnu++0x";
				CLANG_CXX_LIBRARY = "libc++";
				CLANG_ENABLE_MODULES = YES;
				CLANG_ENABLE_OBJC_ARC = YES;
				CLANG_WARN_BOOL_CONVERSION = YES;
				CLANG_WARN_CONSTANT_CONVERSION = YES;
				CLANG_WARN_DIRECT_OBJC_ISA_USAGE = YES_ERROR;
				CLANG_WARN_DOCUMENTATION_COMMENTS = YES;
				CLANG_WARN_EMPTY_BODY = YES;
				CLANG_WARN_ENUM_CONVERSION = YES;
				CLANG_WARN_INFINITE_RECURSION = YES;
				CLANG_WARN_INT_CONVERSION = YES;
				CLANG_WARN_OBJC_ROOT_CLASS = YES_ERROR;
				CLANG_WARN_SUSPICIOUS_MOVE = YES;
				CLANG_WARN_UNREACHABLE_CODE = YES;
				CLANG_WARN__DUPLICATE_METHOD_MATCH = YES;
				CODE_SIGN_IDENTITY = "-";
				COPY_PHASE_STRIP = NO;
				DEBUG_INFORMATION_FORMAT = dwarf;
				ENABLE_STRICT_OBJC_MSGSEND = YES;
				ENABLE_TESTABILITY = YES;
				GCC_C_LANGUAGE_STANDARD = gnu99;
				GCC_DYNAMIC_NO_PIC = NO;
				GCC_NO_COMMON_BLOCKS = YES;
				GCC_OPTIMIZATION_LEVEL = 0;
				GCC_PREPROCESSOR_DEFINITIONS = (
					"DEBUG=1",
					"$(inherited)",
				);
				GCC_WARN_64_TO_32_BIT_CONVERSION = YES;
				GCC_WARN_ABOUT_RETURN_TYPE = YES_ERROR;
				GCC_WARN_UNDECLARED_SELECTOR = YES;
				GCC_WARN_UNINITIALIZED_AUTOS = YES_AGGRESSIVE;
				GCC_WARN_UNUSED_FUNCTION = YES;
				GCC_WARN_UNUSED_VARIABLE = YES;
				MTL_ENABLE_DEBUG_INFO = YES;
				ONLY_ACTIVE_ARCH = YES;
				SDKROOT = macosx;
			};
			name = Debug;
		};
		49AACB531ECCE8E4003BDC3C /* Release */ = {
			isa = XCBuildConfiguration;
			buildSettings = {
				ALWAYS_SEARCH_USER_PATHS = NO;
				CLANG_ANALYZER_NONNULL = YES;
				CLANG_ANALYZER_NUMBER_OBJECT_CONVERSION = YES_AGGRESSIVE;
				CLANG_CXX_LANGUAGE_STANDARD = "gnu++0x";
				CLANG_CXX_LIBRARY = "libc++";
				CLANG_ENABLE_MODULES = YES;
				CLANG_ENABLE_OBJC_ARC = YES;
				CLANG_WARN_BOOL_CONVERSION = YES;
				CLANG_WARN_CONSTANT_CONVERSION = YES;
				CLANG_WARN_DIRECT_OBJC_ISA_USAGE = YES_ERROR;
				CLANG_WARN_DOCUMENTATION_COMMENTS = YES;
				CLANG_WARN_EMPTY_BODY = YES;
				CLANG_WARN_ENUM_CONVERSION = YES;
				CLANG_WARN_INFINITE_RECURSION = YES;
				CLANG_WARN_INT_CONVERSION = YES;
				CLANG_WARN_OBJC_ROOT_CLASS = YES_ERROR;
				CLANG_WARN_SUSPICIOUS_MOVE = YES;
				CLANG_WARN_UNREACHABLE_CODE = YES;
				CLANG_WARN__DUPLICATE_METHOD_MATCH = YES;
				CODE_SIGN_IDENTITY = "-";
				COPY_PHASE_STRIP = NO;
				DEBUG_INFORMATION_FORMAT = "dwarf-with-dsym";
				ENABLE_NS_ASSERTIONS = NO;
				ENABLE_STRICT_OBJC_MSGSEND = YES;
				GCC_C_LANGUAGE_STANDARD = gnu99;
				GCC_NO_COMMON_BLOCKS = YES;
				GCC_WARN_64_TO_32_BIT_CONVERSION = YES;
				GCC_WARN_ABOUT_RETURN_TYPE = YES_ERROR;
				GCC_WARN_UNDECLARED_SELECTOR = YES;
				GCC_WARN_UNINITIALIZED_AUTOS = YES_AGGRESSIVE;
				GCC_WARN_UNUSED_FUNCTION = YES;
				GCC_WARN_UNUSED_VARIABLE = YES;
				MTL_ENABLE_DEBUG_INFO = NO;
				SDKROOT = macosx;
			};
			name = Release;
		};
		49AACB551ECCE8E4003BDC3C /* Debug */ = {
			isa = XCBuildConfiguration;
			buildSettings = {
				CLANG_CXX_LANGUAGE_STANDARD = "c++14";
				DEVELOPMENT_TEAM = P76529Q457;
				FRAMEWORK_SEARCH_PATHS = ../PG/internal/sfml/frameworks;
				HEADER_SEARCH_PATHS = (
					../,
					../PG/thirdparty/googletest/googletest/include,
					../PG/thirdparty/boost,
					../PG/internal/SFML/include,
				);
				PRODUCT_NAME = "$(TARGET_NAME)";
			};
			name = Debug;
		};
		49AACB561ECCE8E4003BDC3C /* Release */ = {
			isa = XCBuildConfiguration;
			buildSettings = {
				CLANG_CXX_LANGUAGE_STANDARD = "c++14";
				DEVELOPMENT_TEAM = P76529Q457;
				FRAMEWORK_SEARCH_PATHS = ../PG/internal/sfml/frameworks;
				HEADER_SEARCH_PATHS = (
					../,
					../PG/thirdparty/googletest/googletest/include,
					../PG/thirdparty/boost,
					../PG/internal/SFML/include,
				);
				PRODUCT_NAME = "$(TARGET_NAME)";
			};
			name = Release;
		};
/* End XCBuildConfiguration section */

/* Begin XCConfigurationList section */
		49AACB481ECCE8E4003BDC3C /* Build configuration list for PBXProject "PGTests" */ = {
			isa = XCConfigurationList;
			buildConfigurations = (
				49AACB521ECCE8E4003BDC3C /* Debug */,
				49AACB531ECCE8E4003BDC3C /* Release */,
			);
			defaultConfigurationIsVisible = 0;
			defaultConfigurationName = Release;
		};
		49AACB541ECCE8E4003BDC3C /* Build configuration list for PBXNativeTarget "PGTests" */ = {
			isa = XCConfigurationList;
			buildConfigurations = (
				49AACB551ECCE8E4003BDC3C /* Debug */,
				49AACB561ECCE8E4003BDC3C /* Release */,
			);
			defaultConfigurationIsVisible = 0;
			defaultConfigurationName = Release;
		};
/* End XCConfigurationList section */
	};
	rootObject = 49AACB451ECCE8E4003BDC3C /* Project object */;
}
